<?xml version="1.0" encoding="utf-8"?>
<Project ToolsVersion="4.0" xmlns="http://schemas.microsoft.com/developer/msbuild/2003">
  <ItemGroup>
    <Filter Include="源文件">
      <UniqueIdentifier>{4FC737F1-C7A5-4376-A066-2A32D752A2FF}</UniqueIdentifier>
      <Extensions>cpp;c;cc;cxx;c++;cppm;ixx;def;odl;idl;hpj;bat;asm;asmx</Extensions>
    </Filter>
    <Filter Include="头文件">
      <UniqueIdentifier>{93995380-89BD-4b04-88EB-625FBE52EBFB}</UniqueIdentifier>
      <Extensions>h;hh;hpp;hxx;h++;hm;inl;inc;ipp;xsd</Extensions>
    </Filter>
    <Filter Include="资源文件">
      <UniqueIdentifier>{67DA6AB6-F800-4c08-8B7A-83BB121AAD01}</UniqueIdentifier>
      <Extensions>rc;ico;cur;bmp;dlg;rc2;rct;bin;rgs;gif;jpg;jpeg;jpe;resx;tiff;tif;png;wav;mfcribbon-ms</Extensions>
    </Filter>
  </ItemGroup>
  <ItemGroup>
    <ClCompile Include="budingcanshu.cpp">
      <Filter>源文件</Filter>
    </ClCompile>
    <ClCompile Include="xuanzhuan.cpp">
      <Filter>源文件</Filter>
    </ClCompile>
    <ClCompile Include="main.cpp">
      <Filter>源文件</Filter>
    </ClCompile>
    <ClCompile Include="test.cpp">
      <Filter>源文件</Filter>
    </ClCompile>
  </ItemGroup>
  <ItemGroup>
    <ClInclude Include="niuniuXiao.h">
      <Filter>头文件</Filter>
    </ClInclude>
    <ClInclude Include="erfen.h">
      <Filter>头文件</Filter>
    </ClInclude>
    <ClInclude Include="kuaipai.h">
      <Filter>头文件</Filter>
    </ClInclude>
    <ClInclude Include="jiayouzhan134.h">
      <Filter>头文件</Filter>
    </ClInclude>
    <ClInclude Include="dongtaihe1480.h">
      <Filter>头文件</Filter>
    </ClInclude>
    <ClInclude Include="yidong283.h">
      <Filter>头文件</Filter>
    </ClInclude>
    <ClInclude Include="chongpai1470.h">
      <Filter>头文件</Filter>
    </ClInclude>
    <ClInclude Include="hao1512.h">
      <Filter>头文件</Filter>
    </ClInclude>
    <ClInclude Include="shanchu0203.h">
      <Filter>头文件</Filter>
    </ClInclude>
    <ClInclude Include="candy1431.h">
      <Filter>头文件</Filter>
    </ClInclude>
    <ClInclude Include="common.h">
      <Filter>头文件</Filter>
    </ClInclude>
    <ClInclude Include="baoshi771.h">
      <Filter>头文件</Filter>
    </ClInclude>
    <ClInclude Include="shezhi1603.h">
      <Filter>头文件</Filter>
    </ClInclude>
    <ClInclude Include="yihuo1486.h">
      <Filter>头文件</Filter>
    </ClInclude>
    <ClInclude Include="guessLCP01.h">
      <Filter>头文件</Filter>
    </ClInclude>
    <ClInclude Include="ip1108.h">
      <Filter>头文件</Filter>
    </ClInclude>
    <ClInclude Include="nayingbiLCP06.h">
      <Filter>头文件</Filter>
    </ClInclude>
    <ClInclude Include="subR1476.h">
      <Filter>头文件</Filter>
    </ClInclude>
    <ClInclude Include="chuizhi1637.h">
      <Filter>头文件</Filter>
    </ClInclude>
    <ClInclude Include="getTargetCopy1379.h">
      <Filter>头文件</Filter>
    </ClInclude>
    <ClInclude Include="tinyURL535.h">
      <Filter>头文件</Filter>
    </ClInclude>
    <ClInclude Include="maxIn807.h">
      <Filter>头文件</Filter>
    </ClInclude>
    <ClInclude Include="numTeams1395.h">
      <Filter>头文件</Filter>
    </ClInclude>
    <ClInclude Include="minOperation1551.h">
      <Filter>头文件</Filter>
    </ClInclude>
    <ClInclude Include="subsets0804.h">
      <Filter>头文件</Filter>
    </ClInclude>
    <ClInclude Include="charu147.h">
      <Filter>头文件</Filter>
    </ClInclude>
    <ClInclude Include="duichenTreeJZ58.h">
      <Filter>头文件</Filter>
    </ClInclude>
    <ClInclude Include="nextTreeLinkJZ8.h">
      <Filter>头文件</Filter>
    </ClInclude>
    <ClInclude Include="shousuoTreeKJZ54.h">
      <Filter>头文件</Filter>
    </ClInclude>
    <ClInclude Include="zhiTreeJZ59.h">
      <Filter>头文件</Filter>
    </ClInclude>
    <ClInclude Include="zhongweishuJZ63.h">
      <Filter>头文件</Filter>
    </ClInclude>
    <ClInclude Include="delete237.h">
      <Filter>头文件</Filter>
    </ClInclude>
    <ClInclude Include="cha1281.h">
      <Filter>头文件</Filter>
    </ClInclude>
    <ClInclude Include="create1389.h">
      <Filter>头文件</Filter>
    </ClInclude>
    <ClInclude Include="jieya1313.h">
      <Filter>头文件</Filter>
    </ClInclude>
    <ClInclude Include="smallerNumbersThanCurrent1365.h">
      <Filter>头文件</Filter>
    </ClInclude>
    <ClInclude Include="numberOfSteps1342.h">
      <Filter>头文件</Filter>
    </ClInclude>
    <ClInclude Include="minTimeToVisitAllPoints1266.h">
      <Filter>头文件</Filter>
    </ClInclude>
    <ClInclude Include="isAnagram242.h">
      <Filter>头文件</Filter>
    </ClInclude>
    <ClInclude Include="findNumbers1295.h">
      <Filter>头文件</Filter>
    </ClInclude>
    <ClInclude Include="sumOddLengthSubarrays1588.h">
      <Filter>头文件</Filter>
    </ClInclude>
    <ClInclude Include="getDecimalValue1290.h">
      <Filter>头文件</Filter>
    </ClInclude>
    <ClInclude Include="diagonalSum1572.h">
      <Filter>头文件</Filter>
    </ClInclude>
    <ClInclude Include="sortedArrayToBST0402.h">
      <Filter>头文件</Filter>
    </ClInclude>
    <ClInclude Include="restoreString1528.h">
      <Filter>头文件</Filter>
    </ClInclude>
    <ClInclude Include="balancedStringSplit1221.h">
      <Filter>头文件</Filter>
    </ClInclude>
    <ClInclude Include="mergeTrees617.h">
      <Filter>头文件</Filter>
    </ClInclude>
    <ClInclude Include="countGoodTriplets1534.h">
      <Filter>头文件</Filter>
    </ClInclude>
    <ClInclude Include="hammingDistance461.h">
      <Filter>头文件</Filter>
    </ClInclude>
    <ClInclude Include="destCity1436.h">
      <Filter>头文件</Filter>
    </ClInclude>
    <ClInclude Include="findMinArrowShots452.h">
      <Filter>头文件</Filter>
    </ClInclude>
    <ClInclude Include="judgeCircle657.h">
      <Filter>头文件</Filter>
    </ClInclude>
    <ClInclude Include="removeOuterParentheses1021.h">
      <Filter>头文件</Filter>
    </ClInclude>
    <ClInclude Include="invertTree226.h">
      <Filter>头文件</Filter>
    </ClInclude>
    <ClInclude Include="rangeSumBST938.h">
      <Filter>头文件</Filter>
    </ClInclude>
    <ClInclude Include="replaceElements1299.h">
      <Filter>头文件</Filter>
    </ClInclude>
    <ClInclude Include="canFormArray1640.h">
      <Filter>头文件</Filter>
    </ClInclude>
    <ClInclude Include="constructMaximumBinaryTree654.h">
      <Filter>头文件</Filter>
    </ClInclude>
    <ClInclude Include="maxProduct1464.h">
      <Filter>头文件</Filter>
    </ClInclude>
    <ClInclude Include="OrderedStream1656.h">
      <Filter>头文件</Filter>
    </ClInclude>
    <ClInclude Include="toLowerCase709.h">
      <Filter>头文件</Filter>
    </ClInclude>
    <ClInclude Include="permutation0807.h">
      <Filter>头文件</Filter>
    </ClInclude>
    <ClInclude Include="ptr.h">
      <Filter>头文件</Filter>
    </ClInclude>
    <ClInclude Include="generateParenthesis0809.h">
      <Filter>头文件</Filter>
    </ClInclude>
    <ClInclude Include="countNodes222.h">
      <Filter>头文件</Filter>
    </ClInclude>
    <ClInclude Include="deepestLeavesSum1302.h">
      <Filter>头文件</Filter>
    </ClInclude>
    <ClInclude Include="groupThePeople1282.h">
      <Filter>头文件</Filter>
    </ClInclude>
    <ClInclude Include="sumEvenGrandparent1315.h">
      <Filter>头文件</Filter>
    </ClInclude>
    <ClInclude Include="listOfDepth0403.h">
      <Filter>头文件</Filter>
    </ClInclude>
    <ClInclude Include="processQueries1409.h">
      <Filter>头文件</Filter>
    </ClInclude>
    <ClInclude Include="subsets78.h">
      <Filter>头文件</Filter>
    </ClInclude>
    <ClInclude Include="countVowelStrings1641.h">
      <Filter>头文件</Filter>
    </ClInclude>
    <ClInclude Include="maxCoins1561.h">
      <Filter>头文件</Filter>
    </ClInclude>
    <ClInclude Include="generateMatrix59.h">
      <Filter>头文件</Filter>
    </ClInclude>
    <ClInclude Include="bstToGst1038.h">
      <Filter>头文件</Filter>
    </ClInclude>
    <ClInclude Include="checkArithmeticSubarrays1630.h">
      <Filter>头文件</Filter>
    </ClInclude>
    <ClInclude Include="sortString1370.h">
      <Filter>头文件</Filter>
    </ClInclude>
    <ClInclude Include="diagonalSort1329.h">
      <Filter>头文件</Filter>
    </ClInclude>
    <ClInclude Include="permute46.h">
      <Filter>头文件</Filter>
    </ClInclude>
    <ClInclude Include="deckRevealedIncreasing950.h">
      <Filter>头文件</Filter>
    </ClInclude>
    <ClInclude Include="smartPtr.h">
      <Filter>头文件</Filter>
    </ClInclude>
  </ItemGroup>
</Project>